// !$*UTF8*$!
{
	archiveVersion = 1;
	classes = {
	};
	objectVersion = 56;
	objects = {

/* Begin PBXBuildFile section */
		D3404B422A3A159C00D2971C /* AppDelegate.swift in Sources */ = {isa = PBXBuildFile; fileRef = D3404B412A3A159C00D2971C /* AppDelegate.swift */; };
		D3404B442A3A159C00D2971C /* SceneDelegate.swift in Sources */ = {isa = PBXBuildFile; fileRef = D3404B432A3A159C00D2971C /* SceneDelegate.swift */; };
		D3404B462A3A159C00D2971C /* LoginViewController.swift in Sources */ = {isa = PBXBuildFile; fileRef = D3404B452A3A159C00D2971C /* LoginViewController.swift */; };
		D3404B4B2A3A159E00D2971C /* Assets.xcassets in Resources */ = {isa = PBXBuildFile; fileRef = D3404B4A2A3A159E00D2971C /* Assets.xcassets */; };
		D3404B4E2A3A159E00D2971C /* LaunchScreen.storyboard in Resources */ = {isa = PBXBuildFile; fileRef = D3404B4C2A3A159E00D2971C /* LaunchScreen.storyboard */; };
		D3404B632A3A159E00D2971C /* Homework1UITests.swift in Sources */ = {isa = PBXBuildFile; fileRef = D3404B622A3A159E00D2971C /* Homework1UITests.swift */; };
		D3404B652A3A159E00D2971C /* Homework1UITestsLaunchTests.swift in Sources */ = {isa = PBXBuildFile; fileRef = D3404B642A3A159E00D2971C /* Homework1UITestsLaunchTests.swift */; };
		D3404B772A3A1CAC00D2971C /* AppCoordinator.swift in Sources */ = {isa = PBXBuildFile; fileRef = D3404B762A3A1CAC00D2971C /* AppCoordinator.swift */; };
		D3AB28282A3A253A0085CF54 /* ItemListViewController.swift in Sources */ = {isa = PBXBuildFile; fileRef = D3AB28272A3A253A0085CF54 /* ItemListViewController.swift */; };
		D3AB282A2A3A25930085CF54 /* LoginViewModel.swift in Sources */ = {isa = PBXBuildFile; fileRef = D3AB28292A3A25930085CF54 /* LoginViewModel.swift */; };
		D3AB282D2A3A26320085CF54 /* AuthService.swift in Sources */ = {isa = PBXBuildFile; fileRef = D3AB282C2A3A26320085CF54 /* AuthService.swift */; };
		D3BF0B312A41FA2200AFF5D0 /* ItemListViewModel.swift in Sources */ = {isa = PBXBuildFile; fileRef = D3BF0B302A41FA2200AFF5D0 /* ItemListViewModel.swift */; };
		D3BF0B332A41FA5F00AFF5D0 /* ItemService.swift in Sources */ = {isa = PBXBuildFile; fileRef = D3BF0B322A41FA5F00AFF5D0 /* ItemService.swift */; };
		D3E7E1022A44C2DC0022DA99 /* AppCoordinatorTests.swift in Sources */ = {isa = PBXBuildFile; fileRef = D3E7E1012A44C2DC0022DA99 /* AppCoordinatorTests.swift */; };
		D3E7E1042A44C3070022DA99 /* LoginViewModelTests.swift in Sources */ = {isa = PBXBuildFile; fileRef = D3E7E1032A44C3070022DA99 /* LoginViewModelTests.swift */; };
		D3E7E1062A44C3170022DA99 /* ItemListViewModel.swift in Sources */ = {isa = PBXBuildFile; fileRef = D3E7E1052A44C3170022DA99 /* ItemListViewModel.swift */; };
		D3E7E1082A44C6E30022DA99 /* NetworkManager.swift in Sources */ = {isa = PBXBuildFile; fileRef = D3E7E1072A44C6E30022DA99 /* NetworkManager.swift */; };
/* End PBXBuildFile section */

/* Begin PBXContainerItemProxy section */
		D3404B552A3A159E00D2971C /* PBXContainerItemProxy */ = {
			isa = PBXContainerItemProxy;
			containerPortal = D3404B362A3A159C00D2971C /* Project object */;
			proxyType = 1;
			remoteGlobalIDString = D3404B3D2A3A159C00D2971C;
			remoteInfo = Homework1;
		};
		D3404B5F2A3A159E00D2971C /* PBXContainerItemProxy */ = {
			isa = PBXContainerItemProxy;
			containerPortal = D3404B362A3A159C00D2971C /* Project object */;
			proxyType = 1;
			remoteGlobalIDString = D3404B3D2A3A159C00D2971C;
			remoteInfo = Homework1;
		};
/* End PBXContainerItemProxy section */

/* Begin PBXFileReference section */
		D3404B3E2A3A159C00D2971C /* Homework1.app */ = {isa = PBXFileReference; explicitFileType = wrapper.application; includeInIndex = 0; path = Homework1.app; sourceTree = BUILT_PRODUCTS_DIR; };
		D3404B412A3A159C00D2971C /* AppDelegate.swift */ = {isa = PBXFileReference; lastKnownFileType = sourcecode.swift; path = AppDelegate.swift; sourceTree = "<group>"; };
		D3404B432A3A159C00D2971C /* SceneDelegate.swift */ = {isa = PBXFileReference; lastKnownFileType = sourcecode.swift; path = SceneDelegate.swift; sourceTree = "<group>"; };
		D3404B452A3A159C00D2971C /* LoginViewController.swift */ = {isa = PBXFileReference; lastKnownFileType = sourcecode.swift; path = LoginViewController.swift; sourceTree = "<group>"; };
		D3404B4A2A3A159E00D2971C /* Assets.xcassets */ = {isa = PBXFileReference; lastKnownFileType = folder.assetcatalog; path = Assets.xcassets; sourceTree = "<group>"; };
		D3404B4D2A3A159E00D2971C /* Base */ = {isa = PBXFileReference; lastKnownFileType = file.storyboard; name = Base; path = Base.lproj/LaunchScreen.storyboard; sourceTree = "<group>"; };
		D3404B4F2A3A159E00D2971C /* Info.plist */ = {isa = PBXFileReference; lastKnownFileType = text.plist.xml; path = Info.plist; sourceTree = "<group>"; };
		D3404B542A3A159E00D2971C /* Homework1Tests.xctest */ = {isa = PBXFileReference; explicitFileType = wrapper.cfbundle; includeInIndex = 0; path = Homework1Tests.xctest; sourceTree = BUILT_PRODUCTS_DIR; };
		D3404B5E2A3A159E00D2971C /* Homework1UITests.xctest */ = {isa = PBXFileReference; explicitFileType = wrapper.cfbundle; includeInIndex = 0; path = Homework1UITests.xctest; sourceTree = BUILT_PRODUCTS_DIR; };
		D3404B622A3A159E00D2971C /* Homework1UITests.swift */ = {isa = PBXFileReference; lastKnownFileType = sourcecode.swift; path = Homework1UITests.swift; sourceTree = "<group>"; };
		D3404B642A3A159E00D2971C /* Homework1UITestsLaunchTests.swift */ = {isa = PBXFileReference; lastKnownFileType = sourcecode.swift; path = Homework1UITestsLaunchTests.swift; sourceTree = "<group>"; };
		D3404B762A3A1CAC00D2971C /* AppCoordinator.swift */ = {isa = PBXFileReference; lastKnownFileType = sourcecode.swift; path = AppCoordinator.swift; sourceTree = "<group>"; };
		D3AB28272A3A253A0085CF54 /* ItemListViewController.swift */ = {isa = PBXFileReference; lastKnownFileType = sourcecode.swift; path = ItemListViewController.swift; sourceTree = "<group>"; };
		D3AB28292A3A25930085CF54 /* LoginViewModel.swift */ = {isa = PBXFileReference; lastKnownFileType = sourcecode.swift; path = LoginViewModel.swift; sourceTree = "<group>"; };
		D3AB282C2A3A26320085CF54 /* AuthService.swift */ = {isa = PBXFileReference; lastKnownFileType = sourcecode.swift; path = AuthService.swift; sourceTree = "<group>"; };
		D3BF0B302A41FA2200AFF5D0 /* ItemListViewModel.swift */ = {isa = PBXFileReference; lastKnownFileType = sourcecode.swift; path = ItemListViewModel.swift; sourceTree = "<group>"; };
		D3BF0B322A41FA5F00AFF5D0 /* ItemService.swift */ = {isa = PBXFileReference; lastKnownFileType = sourcecode.swift; path = ItemService.swift; sourceTree = "<group>"; };
		D3E7E1012A44C2DC0022DA99 /* AppCoordinatorTests.swift */ = {isa = PBXFileReference; lastKnownFileType = sourcecode.swift; path = AppCoordinatorTests.swift; sourceTree = "<group>"; };
		D3E7E1032A44C3070022DA99 /* LoginViewModelTests.swift */ = {isa = PBXFileReference; lastKnownFileType = sourcecode.swift; path = LoginViewModelTests.swift; sourceTree = "<group>"; };
		D3E7E1052A44C3170022DA99 /* ItemListViewModel.swift */ = {isa = PBXFileReference; lastKnownFileType = sourcecode.swift; path = ItemListViewModel.swift; sourceTree = "<group>"; };
		D3E7E1072A44C6E30022DA99 /* NetworkManager.swift */ = {isa = PBXFileReference; lastKnownFileType = sourcecode.swift; path = NetworkManager.swift; sourceTree = "<group>"; };
/* End PBXFileReference section */

/* Begin PBXFrameworksBuildPhase section */
		D3404B3B2A3A159C00D2971C /* Frameworks */ = {
			isa = PBXFrameworksBuildPhase;
			buildActionMask = 2147483647;
			files = (
			);
			runOnlyForDeploymentPostprocessing = 0;
		};
		D3404B512A3A159E00D2971C /* Frameworks */ = {
			isa = PBXFrameworksBuildPhase;
			buildActionMask = 2147483647;
			files = (
			);
			runOnlyForDeploymentPostprocessing = 0;
		};
		D3404B5B2A3A159E00D2971C /* Frameworks */ = {
			isa = PBXFrameworksBuildPhase;
			buildActionMask = 2147483647;
			files = (
			);
			runOnlyForDeploymentPostprocessing = 0;
		};
/* End PBXFrameworksBuildPhase section */

/* Begin PBXGroup section */
		D3404B352A3A159C00D2971C = {
			isa = PBXGroup;
			children = (
				D3404B402A3A159C00D2971C /* Homework1 */,
				D3404B572A3A159E00D2971C /* Homework1Tests */,
				D3404B612A3A159E00D2971C /* Homework1UITests */,
				D3404B3F2A3A159C00D2971C /* Products */,
			);
			sourceTree = "<group>";
		};
		D3404B3F2A3A159C00D2971C /* Products */ = {
			isa = PBXGroup;
			children = (
				D3404B3E2A3A159C00D2971C /* Homework1.app */,
				D3404B542A3A159E00D2971C /* Homework1Tests.xctest */,
				D3404B5E2A3A159E00D2971C /* Homework1UITests.xctest */,
			);
			name = Products;
			sourceTree = "<group>";
		};
		D3404B402A3A159C00D2971C /* Homework1 */ = {
			isa = PBXGroup;
			children = (
				D3404B712A3A1C5B00D2971C /* App */,
				D3404B752A3A1C8700D2971C /* Coordinator */,
				D3404B722A3A1C6C00D2971C /* Model */,
				D3404B742A3A1C7E00D2971C /* View */,
				D3404B732A3A1C7300D2971C /* ViewModel */,
				D3404B4F2A3A159E00D2971C /* Info.plist */,
				D3404B4A2A3A159E00D2971C /* Assets.xcassets */,
				D3404B4C2A3A159E00D2971C /* LaunchScreen.storyboard */,
			);
			path = Homework1;
			sourceTree = "<group>";
		};
		D3404B572A3A159E00D2971C /* Homework1Tests */ = {
			isa = PBXGroup;
			children = (
				D3E7E1012A44C2DC0022DA99 /* AppCoordinatorTests.swift */,
				D3E7E1032A44C3070022DA99 /* LoginViewModelTests.swift */,
				D3E7E1052A44C3170022DA99 /* ItemListViewModel.swift */,
			);
			path = Homework1Tests;
			sourceTree = "<group>";
		};
		D3404B612A3A159E00D2971C /* Homework1UITests */ = {
			isa = PBXGroup;
			children = (
				D3404B622A3A159E00D2971C /* Homework1UITests.swift */,
				D3404B642A3A159E00D2971C /* Homework1UITestsLaunchTests.swift */,
			);
			path = Homework1UITests;
			sourceTree = "<group>";
		};
		D3404B712A3A1C5B00D2971C /* App */ = {
			isa = PBXGroup;
			children = (
				D3404B412A3A159C00D2971C /* AppDelegate.swift */,
				D3404B432A3A159C00D2971C /* SceneDelegate.swift */,
			);
			path = App;
			sourceTree = "<group>";
		};
		D3404B722A3A1C6C00D2971C /* Model */ = {
			isa = PBXGroup;
			children = (
				D3AB282B2A3A26270085CF54 /* Service */,
			);
			path = Model;
			sourceTree = "<group>";
		};
		D3404B732A3A1C7300D2971C /* ViewModel */ = {
			isa = PBXGroup;
			children = (
				D3AB28292A3A25930085CF54 /* LoginViewModel.swift */,
				D3BF0B302A41FA2200AFF5D0 /* ItemListViewModel.swift */,
			);
			path = ViewModel;
			sourceTree = "<group>";
		};
		D3404B742A3A1C7E00D2971C /* View */ = {
			isa = PBXGroup;
			children = (
				D3404B452A3A159C00D2971C /* LoginViewController.swift */,
				D3AB28272A3A253A0085CF54 /* ItemListViewController.swift */,
			);
			path = View;
			sourceTree = "<group>";
		};
		D3404B752A3A1C8700D2971C /* Coordinator */ = {
			isa = PBXGroup;
			children = (
				D3404B762A3A1CAC00D2971C /* AppCoordinator.swift */,
			);
			path = Coordinator;
			sourceTree = "<group>";
		};
		D3AB282B2A3A26270085CF54 /* Service */ = {
			isa = PBXGroup;
			children = (
				D3AB282C2A3A26320085CF54 /* AuthService.swift */,
				D3BF0B322A41FA5F00AFF5D0 /* ItemService.swift */,
				D3E7E1072A44C6E30022DA99 /* NetworkManager.swift */,
			);
			path = Service;
			sourceTree = "<group>";
		};
/* End PBXGroup section */

/* Begin PBXNativeTarget section */
		D3404B3D2A3A159C00D2971C /* Homework1 */ = {
			isa = PBXNativeTarget;
			buildConfigurationList = D3404B682A3A159E00D2971C /* Build configuration list for PBXNativeTarget "Homework1" */;
			buildPhases = (
				D3404B3A2A3A159C00D2971C /* Sources */,
				D3404B3B2A3A159C00D2971C /* Frameworks */,
				D3404B3C2A3A159C00D2971C /* Resources */,
			);
			buildRules = (
			);
			dependencies = (
			);
			name = Homework1;
			productName = Homework1;
			productReference = D3404B3E2A3A159C00D2971C /* Homework1.app */;
			productType = "com.apple.product-type.application";
		};
		D3404B532A3A159E00D2971C /* Homework1Tests */ = {
			isa = PBXNativeTarget;
			buildConfigurationList = D3404B6B2A3A159E00D2971C /* Build configuration list for PBXNativeTarget "Homework1Tests" */;
			buildPhases = (
				D3404B502A3A159E00D2971C /* Sources */,
				D3404B512A3A159E00D2971C /* Frameworks */,
				D3404B522A3A159E00D2971C /* Resources */,
			);
			buildRules = (
			);
			dependencies = (
				D3404B562A3A159E00D2971C /* PBXTargetDependency */,
			);
			name = Homework1Tests;
			productName = Homework1Tests;
			productReference = D3404B542A3A159E00D2971C /* Homework1Tests.xctest */;
			productType = "com.apple.product-type.bundle.unit-test";
		};
		D3404B5D2A3A159E00D2971C /* Homework1UITests */ = {
			isa = PBXNativeTarget;
			buildConfigurationList = D3404B6E2A3A159E00D2971C /* Build configuration list for PBXNativeTarget "Homework1UITests" */;
			buildPhases = (
				D3404B5A2A3A159E00D2971C /* Sources */,
				D3404B5B2A3A159E00D2971C /* Frameworks */,
				D3404B5C2A3A159E00D2971C /* Resources */,
			);
			buildRules = (
			);
			dependencies = (
				D3404B602A3A159E00D2971C /* PBXTargetDependency */,
			);
			name = Homework1UITests;
			productName = Homework1UITests;
			productReference = D3404B5E2A3A159E00D2971C /* Homework1UITests.xctest */;
			productType = "com.apple.product-type.bundle.ui-testing";
		};
/* End PBXNativeTarget section */

/* Begin PBXProject section */
		D3404B362A3A159C00D2971C /* Project object */ = {
			isa = PBXProject;
			attributes = {
				BuildIndependentTargetsInParallel = 1;
				LastSwiftUpdateCheck = 1430;
				LastUpgradeCheck = 1430;
				TargetAttributes = {
					D3404B3D2A3A159C00D2971C = {
						CreatedOnToolsVersion = 14.3;
					};
					D3404B532A3A159E00D2971C = {
						CreatedOnToolsVersion = 14.3;
						TestTargetID = D3404B3D2A3A159C00D2971C;
					};
					D3404B5D2A3A159E00D2971C = {
						CreatedOnToolsVersion = 14.3;
						TestTargetID = D3404B3D2A3A159C00D2971C;
					};
				};
			};
			buildConfigurationList = D3404B392A3A159C00D2971C /* Build configuration list for PBXProject "Homework1" */;
			compatibilityVersion = "Xcode 14.0";
			developmentRegion = en;
			hasScannedForEncodings = 0;
			knownRegions = (
				en,
				Base,
			);
			mainGroup = D3404B352A3A159C00D2971C;
			productRefGroup = D3404B3F2A3A159C00D2971C /* Products */;
			projectDirPath = "";
			projectRoot = "";
			targets = (
				D3404B3D2A3A159C00D2971C /* Homework1 */,
				D3404B532A3A159E00D2971C /* Homework1Tests */,
				D3404B5D2A3A159E00D2971C /* Homework1UITests */,
			);
		};
/* End PBXProject section */

/* Begin PBXResourcesBuildPhase section */
		D3404B3C2A3A159C00D2971C /* Resources */ = {
			isa = PBXResourcesBuildPhase;
			buildActionMask = 2147483647;
			files = (
				D3404B4E2A3A159E00D2971C /* LaunchScreen.storyboard in Resources */,
				D3404B4B2A3A159E00D2971C /* Assets.xcassets in Resources */,
			);
			runOnlyForDeploymentPostprocessing = 0;
		};
		D3404B522A3A159E00D2971C /* Resources */ = {
			isa = PBXResourcesBuildPhase;
			buildActionMask = 2147483647;
			files = (
			);
			runOnlyForDeploymentPostprocessing = 0;
		};
		D3404B5C2A3A159E00D2971C /* Resources */ = {
			isa = PBXResourcesBuildPhase;
			buildActionMask = 2147483647;
			files = (
			);
			runOnlyForDeploymentPostprocessing = 0;
		};
/* End PBXResourcesBuildPhase section */

/* Begin PBXSourcesBuildPhase section */
		D3404B3A2A3A159C00D2971C /* Sources */ = {
			isa = PBXSourcesBuildPhase;
			buildActionMask = 2147483647;
			files = (
				D3404B772A3A1CAC00D2971C /* AppCoordinator.swift in Sources */,
				D3BF0B312A41FA2200AFF5D0 /* ItemListViewModel.swift in Sources */,
				D3E7E1082A44C6E30022DA99 /* NetworkManager.swift in Sources */,
				D3404B462A3A159C00D2971C /* LoginViewController.swift in Sources */,
				D3BF0B332A41FA5F00AFF5D0 /* ItemService.swift in Sources */,
				D3AB282A2A3A25930085CF54 /* LoginViewModel.swift in Sources */,
				D3404B422A3A159C00D2971C /* AppDelegate.swift in Sources */,
				D3404B442A3A159C00D2971C /* SceneDelegate.swift in Sources */,
				D3AB28282A3A253A0085CF54 /* ItemListViewController.swift in Sources */,
				D3AB282D2A3A26320085CF54 /* AuthService.swift in Sources */,
			);
			runOnlyForDeploymentPostprocessing = 0;
		};
		D3404B502A3A159E00D2971C /* Sources */ = {
			isa = PBXSourcesBuildPhase;
			buildActionMask = 2147483647;
			files = (
				D3E7E1042A44C3070022DA99 /* LoginViewModelTests.swift in Sources */,
				D3E7E1062A44C3170022DA99 /* ItemListViewModel.swift in Sources */,
				D3E7E1022A44C2DC0022DA99 /* AppCoordinatorTests.swift in Sources */,
			);
			runOnlyForDeploymentPostprocessing = 0;
		};
		D3404B5A2A3A159E00D2971C /* Sources */ = {
			isa = PBXSourcesBuildPhase;
			buildActionMask = 2147483647;
			files = (
				D3404B652A3A159E00D2971C /* Homework1UITestsLaunchTests.swift in Sources */,
				D3404B632A3A159E00D2971C /* Homework1UITests.swift in Sources */,
			);
			runOnlyForDeploymentPostprocessing = 0;
		};
/* End PBXSourcesBuildPhase section */

/* Begin PBXTargetDependency section */
		D3404B562A3A159E00D2971C /* PBXTargetDependency */ = {
			isa = PBXTargetDependency;
			target = D3404B3D2A3A159C00D2971C /* Homework1 */;
			targetProxy = D3404B552A3A159E00D2971C /* PBXContainerItemProxy */;
		};
		D3404B602A3A159E00D2971C /* PBXTargetDependency */ = {
			isa = PBXTargetDependency;
			target = D3404B3D2A3A159C00D2971C /* Homework1 */;
			targetProxy = D3404B5F2A3A159E00D2971C /* PBXContainerItemProxy */;
		};
/* End PBXTargetDependency section */

/* Begin PBXVariantGroup section */
		D3404B4C2A3A159E00D2971C /* LaunchScreen.storyboard */ = {
			isa = PBXVariantGroup;
			children = (
				D3404B4D2A3A159E00D2971C /* Base */,
			);
			name = LaunchScreen.storyboard;
			sourceTree = "<group>";
		};
/* End PBXVariantGroup section */

/* Begin XCBuildConfiguration section */
		D3404B662A3A159E00D2971C /* Debug */ = {
			isa = XCBuildConfiguration;
			buildSettings = {
				ALWAYS_SEARCH_USER_PATHS = NO;
				CLANG_ANALYZER_NONNULL = YES;
				CLANG_ANALYZER_NUMBER_OBJECT_CONVERSION = YES_AGGRESSIVE;
				CLANG_CXX_LANGUAGE_STANDARD = "gnu++20";
				CLANG_ENABLE_MODULES = YES;
				CLANG_ENABLE_OBJC_ARC = YES;
				CLANG_ENABLE_OBJC_WEAK = YES;
				CLANG_WARN_BLOCK_CAPTURE_AUTORELEASING = YES;
				CLANG_WARN_BOOL_CONVERSION = YES;
				CLANG_WARN_COMMA = YES;
				CLANG_WARN_CONSTANT_CONVERSION = YES;
				CLANG_WARN_DEPRECATED_OBJC_IMPLEMENTATIONS = YES;
				CLANG_WARN_DIRECT_OBJC_ISA_USAGE = YES_ERROR;
				CLANG_WARN_DOCUMENTATION_COMMENTS = YES;
				CLANG_WARN_EMPTY_BODY = YES;
				CLANG_WARN_ENUM_CONVERSION = YES;
				CLANG_WARN_INFINITE_RECURSION = YES;
				CLANG_WARN_INT_CONVERSION = YES;
				CLANG_WARN_NON_LITERAL_NULL_CONVERSION = YES;
				CLANG_WARN_OBJC_IMPLICIT_RETAIN_SELF = YES;
				CLANG_WARN_OBJC_LITERAL_CONVERSION = YES;
				CLANG_WARN_OBJC_ROOT_CLASS = YES_ERROR;
				CLANG_WARN_QUOTED_INCLUDE_IN_FRAMEWORK_HEADER = YES;
				CLANG_WARN_RANGE_LOOP_ANALYSIS = YES;
				CLANG_WARN_STRICT_PROTOTYPES = YES;
				CLANG_WARN_SUSPICIOUS_MOVE = YES;
				CLANG_WARN_UNGUARDED_AVAILABILITY = YES_AGGRESSIVE;
				CLANG_WARN_UNREACHABLE_CODE = YES;
				CLANG_WARN__DUPLICATE_METHOD_MATCH = YES;
				COPY_PHASE_STRIP = NO;
				DEBUG_INFORMATION_FORMAT = dwarf;
				ENABLE_STRICT_OBJC_MSGSEND = YES;
				ENABLE_TESTABILITY = YES;
				GCC_C_LANGUAGE_STANDARD = gnu11;
				GCC_DYNAMIC_NO_PIC = NO;
				GCC_NO_COMMON_BLOCKS = YES;
				GCC_OPTIMIZATION_LEVEL = 0;
				GCC_PREPROCESSOR_DEFINITIONS = (
					"DEBUG=1",
					"$(inherited)",
				);
				GCC_WARN_64_TO_32_BIT_CONVERSION = YES;
				GCC_WARN_ABOUT_RETURN_TYPE = YES_ERROR;
				GCC_WARN_UNDECLARED_SELECTOR = YES;
				GCC_WARN_UNINITIALIZED_AUTOS = YES_AGGRESSIVE;
				GCC_WARN_UNUSED_FUNCTION = YES;
				GCC_WARN_UNUSED_VARIABLE = YES;
				IPHONEOS_DEPLOYMENT_TARGET = 16.4;
				MTL_ENABLE_DEBUG_INFO = INCLUDE_SOURCE;
				MTL_FAST_MATH = YES;
				ONLY_ACTIVE_ARCH = YES;
				SDKROOT = iphoneos;
				SWIFT_ACTIVE_COMPILATION_CONDITIONS = DEBUG;
				SWIFT_OPTIMIZATION_LEVEL = "-Onone";
			};
			name = Debug;
		};
		D3404B672A3A159E00D2971C /* Release */ = {
			isa = XCBuildConfiguration;
			buildSettings = {
				ALWAYS_SEARCH_USER_PATHS = NO;
				CLANG_ANALYZER_NONNULL = YES;
				CLANG_ANALYZER_NUMBER_OBJECT_CONVERSION = YES_AGGRESSIVE;
				CLANG_CXX_LANGUAGE_STANDARD = "gnu++20";
				CLANG_ENABLE_MODULES = YES;
				CLANG_ENABLE_OBJC_ARC = YES;
				CLANG_ENABLE_OBJC_WEAK = YES;
				CLANG_WARN_BLOCK_CAPTURE_AUTORELEASING = YES;
				CLANG_WARN_BOOL_CONVERSION = YES;
				CLANG_WARN_COMMA = YES;
				CLANG_WARN_CONSTANT_CONVERSION = YES;
				CLANG_WARN_DEPRECATED_OBJC_IMPLEMENTATIONS = YES;
				CLANG_WARN_DIRECT_OBJC_ISA_USAGE = YES_ERROR;
				CLANG_WARN_DOCUMENTATION_COMMENTS = YES;
				CLANG_WARN_EMPTY_BODY = YES;
				CLANG_WARN_ENUM_CONVERSION = YES;
				CLANG_WARN_INFINITE_RECURSION = YES;
				CLANG_WARN_INT_CONVERSION = YES;
				CLANG_WARN_NON_LITERAL_NULL_CONVERSION = YES;
				CLANG_WARN_OBJC_IMPLICIT_RETAIN_SELF = YES;
				CLANG_WARN_OBJC_LITERAL_CONVERSION = YES;
				CLANG_WARN_OBJC_ROOT_CLASS = YES_ERROR;
				CLANG_WARN_QUOTED_INCLUDE_IN_FRAMEWORK_HEADER = YES;
				CLANG_WARN_RANGE_LOOP_ANALYSIS = YES;
				CLANG_WARN_STRICT_PROTOTYPES = YES;
				CLANG_WARN_SUSPICIOUS_MOVE = YES;
				CLANG_WARN_UNGUARDED_AVAILABILITY = YES_AGGRESSIVE;
				CLANG_WARN_UNREACHABLE_CODE = YES;
				CLANG_WARN__DUPLICATE_METHOD_MATCH = YES;
				COPY_PHASE_STRIP = NO;
				DEBUG_INFORMATION_FORMAT = "dwarf-with-dsym";
				ENABLE_NS_ASSERTIONS = NO;
				ENABLE_STRICT_OBJC_MSGSEND = YES;
				GCC_C_LANGUAGE_STANDARD = gnu11;
				GCC_NO_COMMON_BLOCKS = YES;
				GCC_WARN_64_TO_32_BIT_CONVERSION = YES;
				GCC_WARN_ABOUT_RETURN_TYPE = YES_ERROR;
				GCC_WARN_UNDECLARED_SELECTOR = YES;
				GCC_WARN_UNINITIALIZED_AUTOS = YES_AGGRESSIVE;
				GCC_WARN_UNUSED_FUNCTION = YES;
				GCC_WARN_UNUSED_VARIABLE = YES;
				IPHONEOS_DEPLOYMENT_TARGET = 16.4;
				MTL_ENABLE_DEBUG_INFO = NO;
				MTL_FAST_MATH = YES;
				SDKROOT = iphoneos;
				SWIFT_COMPILATION_MODE = wholemodule;
				SWIFT_OPTIMIZATION_LEVEL = "-O";
				VALIDATE_PRODUCT = YES;
			};
			name = Release;
		};
		D3404B692A3A159E00D2971C /* Debug */ = {
			isa = XCBuildConfiguration;
			buildSettings = {
				ASSETCATALOG_COMPILER_APPICON_NAME = AppIcon;
				ASSETCATALOG_COMPILER_GLOBAL_ACCENT_COLOR_NAME = AccentColor;
				CODE_SIGN_STYLE = Automatic;
				CURRENT_PROJECT_VERSION = 1;
				DEVELOPMENT_TEAM = 7ZK9E97T8K;
				GENERATE_INFOPLIST_FILE = YES;
				INFOPLIST_FILE = Homework1/Info.plist;
				INFOPLIST_KEY_UIApplicationSupportsIndirectInputEvents = YES;
				INFOPLIST_KEY_UILaunchStoryboardName = LaunchScreen;
				INFOPLIST_KEY_UIMainStoryboardFile = "";
				INFOPLIST_KEY_UISupportedInterfaceOrientations = UIInterfaceOrientationPortrait;
				IPHONEOS_DEPLOYMENT_TARGET = 15.0;
				LD_RUNPATH_SEARCH_PATHS = (
					"$(inherited)",
					"@executable_path/Frameworks",
				);
				MARKETING_VERSION = 1.0;
				PRODUCT_BUNDLE_IDENTIFIER = com.ilyabiltuev.Homework1;
				PRODUCT_NAME = "$(TARGET_NAME)";
				SUPPORTED_PLATFORMS = "iphoneos iphonesimulator";
				SUPPORTS_MACCATALYST = NO;
				SUPPORTS_MAC_DESIGNED_FOR_IPHONE_IPAD = NO;
				SWIFT_EMIT_LOC_STRINGS = YES;
				SWIFT_VERSION = 5.0;
				TARGETED_DEVICE_FAMILY = "1,2";
			};
			name = Debug;
		};
		D3404B6A2A3A159E00D2971C /* Release */ = {
			isa = XCBuildConfiguration;
			buildSettings = {
				ASSETCATALOG_COMPILER_APPICON_NAME = AppIcon;
				ASSETCATALOG_COMPILER_GLOBAL_ACCENT_COLOR_NAME = AccentColor;
				CODE_SIGN_STYLE = Automatic;
				CURRENT_PROJECT_VERSION = 1;
				DEVELOPMENT_TEAM = 7ZK9E97T8K;
				GENERATE_INFOPLIST_FILE = YES;
				INFOPLIST_FILE = Homework1/Info.plist;
				INFOPLIST_KEY_UIApplicationSupportsIndirectInputEvents = YES;
				INFOPLIST_KEY_UILaunchStoryboardName = LaunchScreen;
				INFOPLIST_KEY_UIMainStoryboardFile = "";
				INFOPLIST_KEY_UISupportedInterfaceOrientations = UIInterfaceOrientationPortrait;
				IPHONEOS_DEPLOYMENT_TARGET = 15.0;
				LD_RUNPATH_SEARCH_PATHS = (
					"$(inherited)",
					"@executable_path/Frameworks",
				);
				MARKETING_VERSION = 1.0;
				PRODUCT_BUNDLE_IDENTIFIER = com.ilyabiltuev.Homework1;
				PRODUCT_NAME = "$(TARGET_NAME)";
				SUPPORTED_PLATFORMS = "iphoneos iphonesimulator";
				SUPPORTS_MACCATALYST = NO;
				SUPPORTS_MAC_DESIGNED_FOR_IPHONE_IPAD = NO;
				SWIFT_EMIT_LOC_STRINGS = YES;
				SWIFT_VERSION = 5.0;
				TARGETED_DEVICE_FAMILY = "1,2";
			};
			name = Release;
		};
		D3404B6C2A3A159E00D2971C /* Debug */ = {
			isa = XCBuildConfiguration;
			buildSettings = {
				ALWAYS_EMBED_SWIFT_STANDARD_LIBRARIES = YES;
				BUNDLE_LOADER = "$(TEST_HOST)";
				CODE_SIGN_STYLE = Automatic;
				CURRENT_PROJECT_VERSION = 1;
				DEVELOPMENT_TEAM = 7ZK9E97T8K;
				GENERATE_INFOPLIST_FILE = YES;
				IPHONEOS_DEPLOYMENT_TARGET = 16.4;
				MARKETING_VERSION = 1.0;
				PRODUCT_BUNDLE_IDENTIFIER = com.ilyabiltuev.Homework1Tests;
				PRODUCT_NAME = "$(TARGET_NAME)";
				SWIFT_EMIT_LOC_STRINGS = NO;
				SWIFT_VERSION = 5.0;
				TARGETED_DEVICE_FAMILY = "1,2";
				TEST_HOST = "$(BUILT_PRODUCTS_DIR)/Homework1.app/$(BUNDLE_EXECUTABLE_FOLDER_PATH)/Homework1";
			};
			name = Debug;
		};
		D3404B6D2A3A159E00D2971C /* Release */ = {
			isa = XCBuildConfiguration;
			buildSettings = {
				ALWAYS_EMBED_SWIFT_STANDARD_LIBRARIES = YES;
				BUNDLE_LOADER = "$(TEST_HOST)";
				CODE_SIGN_STYLE = Automatic;
				CURRENT_PROJECT_VERSION = 1;
				DEVELOPMENT_TEAM = 7ZK9E97T8K;
				GENERATE_INFOPLIST_FILE = YES;
				IPHONEOS_DEPLOYMENT_TARGET = 16.4;
				MARKETING_VERSION = 1.0;
				PRODUCT_BUNDLE_IDENTIFIER = com.ilyabiltuev.Homework1Tests;
				PRODUCT_NAME = "$(TARGET_NAME)";
				SWIFT_EMIT_LOC_STRINGS = NO;
				SWIFT_VERSION = 5.0;
				TARGETED_DEVICE_FAMILY = "1,2";
				TEST_HOST = "$(BUILT_PRODUCTS_DIR)/Homework1.app/$(BUNDLE_EXECUTABLE_FOLDER_PATH)/Homework1";
			};
			name = Release;
		};
		D3404B6F2A3A159E00D2971C /* Debug */ = {
			isa = XCBuildConfiguration;
			buildSettings = {
				ALWAYS_EMBED_SWIFT_STANDARD_LIBRARIES = YES;
				CODE_SIGN_STYLE = Automatic;
				CURRENT_PROJECT_VERSION = 1;
				DEVELOPMENT_TEAM = 7ZK9E97T8K;
				GENERATE_INFOPLIST_FILE = YES;
				MARKETING_VERSION = 1.0;
				PRODUCT_BUNDLE_IDENTIFIER = com.ilyabiltuev.Homework1UITests;
				PRODUCT_NAME = "$(TARGET_NAME)";
				SWIFT_EMIT_LOC_STRINGS = NO;
				SWIFT_VERSION = 5.0;
				TARGETED_DEVICE_FAMILY = "1,2";
				TEST_TARGET_NAME = Homework1;
			};
			name = Debug;
		};
		D3404B702A3A159E00D2971C /* Release */ = {
			isa = XCBuildConfiguration;
			buildSettings = {
				ALWAYS_EMBED_SWIFT_STANDARD_LIBRARIES = YES;
				CODE_SIGN_STYLE = Automatic;
				CURRENT_PROJECT_VERSION = 1;
				DEVELOPMENT_TEAM = 7ZK9E97T8K;
				GENERATE_INFOPLIST_FILE = YES;
				MARKETING_VERSION = 1.0;
				PRODUCT_BUNDLE_IDENTIFIER = com.ilyabiltuev.Homework1UITests;
				PRODUCT_NAME = "$(TARGET_NAME)";
				SWIFT_EMIT_LOC_STRINGS = NO;
				SWIFT_VERSION = 5.0;
				TARGETED_DEVICE_FAMILY = "1,2";
				TEST_TARGET_NAME = Homework1;
			};
			name = Release;
		};
/* End XCBuildConfiguration section */

/* Begin XCConfigurationList section */
		D3404B392A3A159C00D2971C /* Build configuration list for PBXProject "Homework1" */ = {
			isa = XCConfigurationList;
			buildConfigurations = (
				D3404B662A3A159E00D2971C /* Debug */,
				D3404B672A3A159E00D2971C /* Release */,
			);
			defaultConfigurationIsVisible = 0;
			defaultConfigurationName = Release;
		};
		D3404B682A3A159E00D2971C /* Build configuration list for PBXNativeTarget "Homework1" */ = {
			isa = XCConfigurationList;
			buildConfigurations = (
				D3404B692A3A159E00D2971C /* Debug */,
				D3404B6A2A3A159E00D2971C /* Release */,
			);
			defaultConfigurationIsVisible = 0;
			defaultConfigurationName = Release;
		};
		D3404B6B2A3A159E00D2971C /* Build configuration list for PBXNativeTarget "Homework1Tests" */ = {
			isa = XCConfigurationList;
			buildConfigurations = (
				D3404B6C2A3A159E00D2971C /* Debug */,
				D3404B6D2A3A159E00D2971C /* Release */,
			);
			defaultConfigurationIsVisible = 0;
			defaultConfigurationName = Release;
		};
		D3404B6E2A3A159E00D2971C /* Build configuration list for PBXNativeTarget "Homework1UITests" */ = {
			isa = XCConfigurationList;
			buildConfigurations = (
				D3404B6F2A3A159E00D2971C /* Debug */,
				D3404B702A3A159E00D2971C /* Release */,
			);
			defaultConfigurationIsVisible = 0;
			defaultConfigurationName = Release;
		};
/* End XCConfigurationList section */
	};
	rootObject = D3404B362A3A159C00D2971C /* Project object */;
}
